
Microsoft Visual Studio Solution File, Format Version 12.00
# Visual Studio 14
VisualStudioVersion = 14.0.25420.1
MinimumVisualStudioVersion = 10.0.40219.1
Project("{FAE04EC0-301F-11D3-BF4B-00C04F79EFBC}") = "Assignment 5", "Assignment 5\Assignment 5.csproj", "{1825E468-AAB7-465D-9154-4CD414C179CF}"
EndProject
Project("{FAE04EC0-301F-11D3-BF4B-00C04F79EFBC}") = "Calculator", "Calculator\Calculator.csproj", "{4F407B7F-1CDE-44AE-9868-F7C7DEA6FFC3}"
EndProject
Project("{FAE04EC0-301F-11D3-BF4B-00C04F79EFBC}") = "win_order", "win_order\win_order.csproj", "{C6E396EE-A76B-40B6-B2E5-0C3DC1A42ECD}"
EndProject
Global
	GlobalSection(SolutionConfigurationPlatforms) = preSolution
		Debug|Any CPU = Debug|Any CPU
		Release|Any CPU = Release|Any CPU
	EndGlobalSection
	GlobalSection(ProjectConfigurationPlatforms) = postSolution
		{1825E468-AAB7-465D-9154-4CD414C179CF}.Debug|Any CPU.ActiveCfg = Debug|Any CPU
		{1825E468-AAB7-465D-9154-4CD414C179CF}.Debug|Any CPU.Build.0 = Debug|Any CPU
		{1825E468-AAB7-465D-9154-4CD414C179CF}.Release|Any CPU.ActiveCfg = Release|Any CPU
		{1825E468-AAB7-465D-9154-4CD414C179CF}.Release|Any CPU.Build.0 = Release|Any CPU
		{4F407B7F-1CDE-44AE-9868-F7C7DEA6FFC3}.Debug|Any CPU.ActiveCfg = Debug|Any CPU
		{4F407B7F-1CDE-44AE-9868-F7C7DEA6FFC3}.Debug|Any CPU.Build.0 = Debug|Any CPU
		{4F407B7F-1CDE-44AE-9868-F7C7DEA6FFC3}.Release|Any CPU.ActiveCfg = Release|Any CPU
		{4F407B7F-1CDE-44AE-9868-F7C7DEA6FFC3}.Release|Any CPU.Build.0 = Release|Any CPU
		{C6E396EE-A76B-40B6-B2E5-0C3DC1A42ECD}.Debug|Any CPU.ActiveCfg = Debug|Any CPU
		{C6E396EE-A76B-40B6-B2E5-0C3DC1A42ECD}.Debug|Any CPU.Build.0 = Debug|Any CPU
		{C6E396EE-A76B-40B6-B2E5-0C3DC1A42ECD}.Release|Any CPU.ActiveCfg = Release|Any CPU
		{C6E396EE-A76B-40B6-B2E5-0C3DC1A42ECD}.Release|Any CPU.Build.0 = Release|Any CPU
	EndGlobalSection
	GlobalSection(SolutionProperties) = preSolution
		HideSolutionNode = FALSE
	EndGlobalSection
EndGlobal
